PODS:
  - CoreBluetoothMock (1.0.6)

DEPENDENCIES:
  - CoreBluetoothMock (from `../`)

EXTERNAL SOURCES:
  CoreBluetoothMock:
    :path: "../"

SPEC CHECKSUMS:
  CoreBluetoothMock: 95ca1fdfabe05d3da901ca8a39f6c7a6fe99b3fc

PODFILE CHECKSUM: 0b65d3eb5c3b8364e0e8c102ccc0cee2258c07fb

COCOAPODS: 1.16.2
